
Microsoft Visual Studio Solution File, Format Version 12.00
# Visual Studio Version 17
VisualStudioVersion = 17.2.32616.157
MinimumVisualStudioVersion = 10.0.40219.1
Project("{2150E333-8FDC-42A3-9474-1A3956D46DE8}") = "Solution Items", "Solution Items", "{4CF05F2F-682E-4EE9-A265-2BACDEE51F39}"
	ProjectSection(SolutionItems) = preProject
		.editorconfig = .editorconfig
	EndProjectSection
EndProject
Project("{8BC9CEB8-8B4A-11D0-8D11-00A0C91BC942}") = "Nova", "Nova\Nova.vcxproj", "{FCD7C944-141B-4591-9A05-7A35E735B2D6}"
EndProject
Global
	GlobalSection(SolutionConfigurationPlatforms) = preSolution
		Production|x64 = Production|x64
		Production|x86 = Production|x86
		Staging|x64 = Staging|x64
		Staging|x86 = Staging|x86
	EndGlobalSection
	GlobalSection(ProjectConfigurationPlatforms) = postSolution
		{FCD7C944-141B-4591-9A05-7A35E735B2D6}.Production|x64.ActiveCfg = Production|x64
		{FCD7C944-141B-4591-9A05-7A35E735B2D6}.Production|x64.Build.0 = Production|x64
		{FCD7C944-141B-4591-9A05-7A35E735B2D6}.Production|x86.ActiveCfg = Staging|Win32
		{FCD7C944-141B-4591-9A05-7A35E735B2D6}.Staging|x64.ActiveCfg = Staging|x64
		{FCD7C944-141B-4591-9A05-7A35E735B2D6}.Staging|x64.Build.0 = Staging|x64
		{FCD7C944-141B-4591-9A05-7A35E735B2D6}.Staging|x86.ActiveCfg = Staging|Win32
	EndGlobalSection
	GlobalSection(SolutionProperties) = preSolution
		HideSolutionNode = FALSE
	EndGlobalSection
	GlobalSection(ExtensibilityGlobals) = postSolution
		SolutionGuid = {312EE9C0-D96A-466F-80BC-827943F737A9}
	EndGlobalSection
EndGlobal
